// !$*UTF8*$!
{
	archiveVersion = 1;
	classes = {
	};
	objectVersion = 56;
	objects = {

/* Begin PBXBuildFile section */
		3D19F7A42BEFD5D400D754C8 /* AppDelegate.swift in Sources */ = {isa = PBXBuildFile; fileRef = 3D19F7A32BEFD5D400D754C8 /* AppDelegate.swift */; };
		3D19F7A62BEFD5D400D754C8 /* SceneDelegate.swift in Sources */ = {isa = PBXBuildFile; fileRef = 3D19F7A52BEFD5D400D754C8 /* SceneDelegate.swift */; };
		3D19F7A82BEFD5D400D754C8 /* ViewController.swift in Sources */ = {isa = PBXBuildFile; fileRef = 3D19F7A72BEFD5D400D754C8 /* ViewController.swift */; };
		3D19F7AB2BEFD5D400D754C8 /* Base in Resources */ = {isa = PBXBuildFile; fileRef = 3D19F7AA2BEFD5D400D754C8 /* Base */; };
		3D19F7AD2BEFD5D600D754C8 /* Assets.xcassets in Resources */ = {isa = PBXBuildFile; fileRef = 3D19F7AC2BEFD5D600D754C8 /* Assets.xcassets */; };
		3D19F7B02BEFD5D600D754C8 /* Base in Resources */ = {isa = PBXBuildFile; fileRef = 3D19F7AF2BEFD5D600D754C8 /* Base */; };
		3D19F7BB2BEFD5D700D754C8 /* VPTechWeatherAppTests.swift in Sources */ = {isa = PBXBuildFile; fileRef = 3D19F7BA2BEFD5D700D754C8 /* VPTechWeatherAppTests.swift */; };
		3D19F7C52BEFD5D700D754C8 /* VPTechWeatherAppUITests.swift in Sources */ = {isa = PBXBuildFile; fileRef = 3D19F7C42BEFD5D700D754C8 /* VPTechWeatherAppUITests.swift */; };
		3D19F7C72BEFD5D700D754C8 /* VPTechWeatherAppUITestsLaunchTests.swift in Sources */ = {isa = PBXBuildFile; fileRef = 3D19F7C62BEFD5D700D754C8 /* VPTechWeatherAppUITestsLaunchTests.swift */; };
		3D19F7D52BF00A3400D754C8 /* RxBlocking in Frameworks */ = {isa = PBXBuildFile; productRef = 3D19F7D42BF00A3400D754C8 /* RxBlocking */; };
		3D19F7D72BF00A3400D754C8 /* RxBlocking-Dynamic in Frameworks */ = {isa = PBXBuildFile; productRef = 3D19F7D62BF00A3400D754C8 /* RxBlocking-Dynamic */; };
		3D19F7D92BF00A3400D754C8 /* RxCocoa in Frameworks */ = {isa = PBXBuildFile; productRef = 3D19F7D82BF00A3400D754C8 /* RxCocoa */; };
		3D19F7DB2BF00A3400D754C8 /* RxCocoa-Dynamic in Frameworks */ = {isa = PBXBuildFile; productRef = 3D19F7DA2BF00A3400D754C8 /* RxCocoa-Dynamic */; };
		3D19F7DD2BF00A3400D754C8 /* RxRelay in Frameworks */ = {isa = PBXBuildFile; productRef = 3D19F7DC2BF00A3400D754C8 /* RxRelay */; };
		3D19F7DF2BF00A3400D754C8 /* RxRelay-Dynamic in Frameworks */ = {isa = PBXBuildFile; productRef = 3D19F7DE2BF00A3400D754C8 /* RxRelay-Dynamic */; };
		3D19F7E12BF00A3400D754C8 /* RxSwift in Frameworks */ = {isa = PBXBuildFile; productRef = 3D19F7E02BF00A3400D754C8 /* RxSwift */; };
		3D19F7E32BF00A3400D754C8 /* RxSwift-Dynamic in Frameworks */ = {isa = PBXBuildFile; productRef = 3D19F7E22BF00A3400D754C8 /* RxSwift-Dynamic */; };
		3D19F7E52BF00A3400D754C8 /* RxTest in Frameworks */ = {isa = PBXBuildFile; productRef = 3D19F7E42BF00A3400D754C8 /* RxTest */; };
		3D19F7E72BF00A3400D754C8 /* RxTest-Dynamic in Frameworks */ = {isa = PBXBuildFile; productRef = 3D19F7E62BF00A3400D754C8 /* RxTest-Dynamic */; };
		3D19F7EC2BF00A6700D754C8 /* NetworkRequest.swift in Sources */ = {isa = PBXBuildFile; fileRef = 3D19F7E92BF00A6700D754C8 /* NetworkRequest.swift */; };
		3D19F7ED2BF00A6700D754C8 /* NetworkService.swift in Sources */ = {isa = PBXBuildFile; fileRef = 3D19F7EA2BF00A6700D754C8 /* NetworkService.swift */; };
		3D19F7EE2BF00A6700D754C8 /* NetworkError.swift in Sources */ = {isa = PBXBuildFile; fileRef = 3D19F7EB2BF00A6700D754C8 /* NetworkError.swift */; };
		3D19F7F92BF00ABB00D754C8 /* Clouds.swift in Sources */ = {isa = PBXBuildFile; fileRef = 3D19F7F02BF00ABB00D754C8 /* Clouds.swift */; };
		3D19F7FA2BF00ABB00D754C8 /* Wind.swift in Sources */ = {isa = PBXBuildFile; fileRef = 3D19F7F12BF00ABB00D754C8 /* Wind.swift */; };
		3D19F7FB2BF00ABB00D754C8 /* City.swift in Sources */ = {isa = PBXBuildFile; fileRef = 3D19F7F22BF00ABB00D754C8 /* City.swift */; };
		3D19F7FC2BF00ABB00D754C8 /* Sys.swift in Sources */ = {isa = PBXBuildFile; fileRef = 3D19F7F32BF00ABB00D754C8 /* Sys.swift */; };
		3D19F7FD2BF00ABB00D754C8 /* Weather.swift in Sources */ = {isa = PBXBuildFile; fileRef = 3D19F7F42BF00ABB00D754C8 /* Weather.swift */; };
		3D19F7FE2BF00ABB00D754C8 /* DailyForecast.swift in Sources */ = {isa = PBXBuildFile; fileRef = 3D19F7F52BF00ABB00D754C8 /* DailyForecast.swift */; };
		3D19F7FF2BF00ABB00D754C8 /* Main.swift in Sources */ = {isa = PBXBuildFile; fileRef = 3D19F7F62BF00ABB00D754C8 /* Main.swift */; };
		3D19F8002BF00ABB00D754C8 /* Coordinate.swift in Sources */ = {isa = PBXBuildFile; fileRef = 3D19F7F72BF00ABB00D754C8 /* Coordinate.swift */; };
		3D19F8012BF00ABB00D754C8 /* Forecast.swift in Sources */ = {isa = PBXBuildFile; fileRef = 3D19F7F82BF00ABB00D754C8 /* Forecast.swift */; };
		3D19F8082BF00AED00D754C8 /* Coordinator.swift in Sources */ = {isa = PBXBuildFile; fileRef = 3D19F8032BF00AED00D754C8 /* Coordinator.swift */; };
		3D19F8092BF00AED00D754C8 /* Reusable.swift in Sources */ = {isa = PBXBuildFile; fileRef = 3D19F8042BF00AED00D754C8 /* Reusable.swift */; };
		3D19F80A2BF00AED00D754C8 /* AlertViewModel.swift in Sources */ = {isa = PBXBuildFile; fileRef = 3D19F8052BF00AED00D754C8 /* AlertViewModel.swift */; };
		3D19F80B2BF00AED00D754C8 /* Formatter.swift in Sources */ = {isa = PBXBuildFile; fileRef = 3D19F8062BF00AED00D754C8 /* Formatter.swift */; };
		3D19F80C2BF00AED00D754C8 /* NibInstantiatable.swift in Sources */ = {isa = PBXBuildFile; fileRef = 3D19F8072BF00AED00D754C8 /* NibInstantiatable.swift */; };
/* End PBXBuildFile section */

/* Begin PBXContainerItemProxy section */
		3D19F7B72BEFD5D700D754C8 /* PBXContainerItemProxy */ = {
			isa = PBXContainerItemProxy;
			containerPortal = 3D19F7982BEFD5D400D754C8 /* Project object */;
			proxyType = 1;
			remoteGlobalIDString = 3D19F79F2BEFD5D400D754C8;
			remoteInfo = VPTechWeatherApp;
		};
		3D19F7C12BEFD5D700D754C8 /* PBXContainerItemProxy */ = {
			isa = PBXContainerItemProxy;
			containerPortal = 3D19F7982BEFD5D400D754C8 /* Project object */;
			proxyType = 1;
			remoteGlobalIDString = 3D19F79F2BEFD5D400D754C8;
			remoteInfo = VPTechWeatherApp;
		};
/* End PBXContainerItemProxy section */

/* Begin PBXFileReference section */
		3D19F7A02BEFD5D400D754C8 /* VPTechWeatherApp.app */ = {isa = PBXFileReference; explicitFileType = wrapper.application; includeInIndex = 0; path = VPTechWeatherApp.app; sourceTree = BUILT_PRODUCTS_DIR; };
		3D19F7A32BEFD5D400D754C8 /* AppDelegate.swift */ = {isa = PBXFileReference; lastKnownFileType = sourcecode.swift; path = AppDelegate.swift; sourceTree = "<group>"; };
		3D19F7A52BEFD5D400D754C8 /* SceneDelegate.swift */ = {isa = PBXFileReference; lastKnownFileType = sourcecode.swift; path = SceneDelegate.swift; sourceTree = "<group>"; };
		3D19F7A72BEFD5D400D754C8 /* ViewController.swift */ = {isa = PBXFileReference; lastKnownFileType = sourcecode.swift; path = ViewController.swift; sourceTree = "<group>"; };
		3D19F7AA2BEFD5D400D754C8 /* Base */ = {isa = PBXFileReference; lastKnownFileType = file.storyboard; name = Base; path = Base.lproj/Main.storyboard; sourceTree = "<group>"; };
		3D19F7AC2BEFD5D600D754C8 /* Assets.xcassets */ = {isa = PBXFileReference; lastKnownFileType = folder.assetcatalog; path = Assets.xcassets; sourceTree = "<group>"; };
		3D19F7AF2BEFD5D600D754C8 /* Base */ = {isa = PBXFileReference; lastKnownFileType = file.storyboard; name = Base; path = Base.lproj/LaunchScreen.storyboard; sourceTree = "<group>"; };
		3D19F7B12BEFD5D600D754C8 /* Info.plist */ = {isa = PBXFileReference; lastKnownFileType = text.plist.xml; path = Info.plist; sourceTree = "<group>"; };
		3D19F7B62BEFD5D600D754C8 /* VPTechWeatherAppTests.xctest */ = {isa = PBXFileReference; explicitFileType = wrapper.cfbundle; includeInIndex = 0; path = VPTechWeatherAppTests.xctest; sourceTree = BUILT_PRODUCTS_DIR; };
		3D19F7BA2BEFD5D700D754C8 /* VPTechWeatherAppTests.swift */ = {isa = PBXFileReference; lastKnownFileType = sourcecode.swift; path = VPTechWeatherAppTests.swift; sourceTree = "<group>"; };
		3D19F7C02BEFD5D700D754C8 /* VPTechWeatherAppUITests.xctest */ = {isa = PBXFileReference; explicitFileType = wrapper.cfbundle; includeInIndex = 0; path = VPTechWeatherAppUITests.xctest; sourceTree = BUILT_PRODUCTS_DIR; };
		3D19F7C42BEFD5D700D754C8 /* VPTechWeatherAppUITests.swift */ = {isa = PBXFileReference; lastKnownFileType = sourcecode.swift; path = VPTechWeatherAppUITests.swift; sourceTree = "<group>"; };
		3D19F7C62BEFD5D700D754C8 /* VPTechWeatherAppUITestsLaunchTests.swift */ = {isa = PBXFileReference; lastKnownFileType = sourcecode.swift; path = VPTechWeatherAppUITestsLaunchTests.swift; sourceTree = "<group>"; };
		3D19F7E92BF00A6700D754C8 /* NetworkRequest.swift */ = {isa = PBXFileReference; fileEncoding = 4; lastKnownFileType = sourcecode.swift; path = NetworkRequest.swift; sourceTree = "<group>"; };
		3D19F7EA2BF00A6700D754C8 /* NetworkService.swift */ = {isa = PBXFileReference; fileEncoding = 4; lastKnownFileType = sourcecode.swift; path = NetworkService.swift; sourceTree = "<group>"; };
		3D19F7EB2BF00A6700D754C8 /* NetworkError.swift */ = {isa = PBXFileReference; fileEncoding = 4; lastKnownFileType = sourcecode.swift; path = NetworkError.swift; sourceTree = "<group>"; };
		3D19F7F02BF00ABB00D754C8 /* Clouds.swift */ = {isa = PBXFileReference; fileEncoding = 4; lastKnownFileType = sourcecode.swift; path = Clouds.swift; sourceTree = "<group>"; };
		3D19F7F12BF00ABB00D754C8 /* Wind.swift */ = {isa = PBXFileReference; fileEncoding = 4; lastKnownFileType = sourcecode.swift; path = Wind.swift; sourceTree = "<group>"; };
		3D19F7F22BF00ABB00D754C8 /* City.swift */ = {isa = PBXFileReference; fileEncoding = 4; lastKnownFileType = sourcecode.swift; path = City.swift; sourceTree = "<group>"; };
		3D19F7F32BF00ABB00D754C8 /* Sys.swift */ = {isa = PBXFileReference; fileEncoding = 4; lastKnownFileType = sourcecode.swift; path = Sys.swift; sourceTree = "<group>"; };
		3D19F7F42BF00ABB00D754C8 /* Weather.swift */ = {isa = PBXFileReference; fileEncoding = 4; lastKnownFileType = sourcecode.swift; path = Weather.swift; sourceTree = "<group>"; };
		3D19F7F52BF00ABB00D754C8 /* DailyForecast.swift */ = {isa = PBXFileReference; fileEncoding = 4; lastKnownFileType = sourcecode.swift; path = DailyForecast.swift; sourceTree = "<group>"; };
		3D19F7F62BF00ABB00D754C8 /* Main.swift */ = {isa = PBXFileReference; fileEncoding = 4; lastKnownFileType = sourcecode.swift; path = Main.swift; sourceTree = "<group>"; };
		3D19F7F72BF00ABB00D754C8 /* Coordinate.swift */ = {isa = PBXFileReference; fileEncoding = 4; lastKnownFileType = sourcecode.swift; path = Coordinate.swift; sourceTree = "<group>"; };
		3D19F7F82BF00ABB00D754C8 /* Forecast.swift */ = {isa = PBXFileReference; fileEncoding = 4; lastKnownFileType = sourcecode.swift; path = Forecast.swift; sourceTree = "<group>"; };
		3D19F8032BF00AED00D754C8 /* Coordinator.swift */ = {isa = PBXFileReference; fileEncoding = 4; lastKnownFileType = sourcecode.swift; path = Coordinator.swift; sourceTree = "<group>"; };
		3D19F8042BF00AED00D754C8 /* Reusable.swift */ = {isa = PBXFileReference; fileEncoding = 4; lastKnownFileType = sourcecode.swift; path = Reusable.swift; sourceTree = "<group>"; };
		3D19F8052BF00AED00D754C8 /* AlertViewModel.swift */ = {isa = PBXFileReference; fileEncoding = 4; lastKnownFileType = sourcecode.swift; path = AlertViewModel.swift; sourceTree = "<group>"; };
		3D19F8062BF00AED00D754C8 /* Formatter.swift */ = {isa = PBXFileReference; fileEncoding = 4; lastKnownFileType = sourcecode.swift; path = Formatter.swift; sourceTree = "<group>"; };
		3D19F8072BF00AED00D754C8 /* NibInstantiatable.swift */ = {isa = PBXFileReference; fileEncoding = 4; lastKnownFileType = sourcecode.swift; path = NibInstantiatable.swift; sourceTree = "<group>"; };
/* End PBXFileReference section */

/* Begin PBXFrameworksBuildPhase section */
		3D19F79D2BEFD5D400D754C8 /* Frameworks */ = {
			isa = PBXFrameworksBuildPhase;
			buildActionMask = 2147483647;
			files = (
				3D19F7E32BF00A3400D754C8 /* RxSwift-Dynamic in Frameworks */,
				3D19F7DD2BF00A3400D754C8 /* RxRelay in Frameworks */,
				3D19F7DB2BF00A3400D754C8 /* RxCocoa-Dynamic in Frameworks */,
				3D19F7DF2BF00A3400D754C8 /* RxRelay-Dynamic in Frameworks */,
				3D19F7D92BF00A3400D754C8 /* RxCocoa in Frameworks */,
				3D19F7D52BF00A3400D754C8 /* RxBlocking in Frameworks */,
				3D19F7D72BF00A3400D754C8 /* RxBlocking-Dynamic in Frameworks */,
				3D19F7E12BF00A3400D754C8 /* RxSwift in Frameworks */,
			);
			runOnlyForDeploymentPostprocessing = 0;
		};
		3D19F7B32BEFD5D600D754C8 /* Frameworks */ = {
			isa = PBXFrameworksBuildPhase;
			buildActionMask = 2147483647;
			files = (
				3D19F7E72BF00A3400D754C8 /* RxTest-Dynamic in Frameworks */,
				3D19F7E52BF00A3400D754C8 /* RxTest in Frameworks */,
			);
			runOnlyForDeploymentPostprocessing = 0;
		};
		3D19F7BD2BEFD5D700D754C8 /* Frameworks */ = {
			isa = PBXFrameworksBuildPhase;
			buildActionMask = 2147483647;
			files = (
			);
			runOnlyForDeploymentPostprocessing = 0;
		};
/* End PBXFrameworksBuildPhase section */

/* Begin PBXGroup section */
		3D19F7972BEFD5D400D754C8 = {
			isa = PBXGroup;
			children = (
				3D19F7A22BEFD5D400D754C8 /* VPTechWeatherApp */,
				3D19F7B92BEFD5D700D754C8 /* VPTechWeatherAppTests */,
				3D19F7C32BEFD5D700D754C8 /* VPTechWeatherAppUITests */,
				3D19F7A12BEFD5D400D754C8 /* Products */,
			);
			sourceTree = "<group>";
		};
		3D19F7A12BEFD5D400D754C8 /* Products */ = {
			isa = PBXGroup;
			children = (
				3D19F7A02BEFD5D400D754C8 /* VPTechWeatherApp.app */,
				3D19F7B62BEFD5D600D754C8 /* VPTechWeatherAppTests.xctest */,
				3D19F7C02BEFD5D700D754C8 /* VPTechWeatherAppUITests.xctest */,
			);
			name = Products;
			sourceTree = "<group>";
		};
		3D19F7A22BEFD5D400D754C8 /* VPTechWeatherApp */ = {
			isa = PBXGroup;
			children = (
				3D19F7E82BF00A5800D754C8 /* Networking */,
				3D19F7EF2BF00A8D00D754C8 /* Models */,
				3D19F8022BF00AD500D754C8 /* Helpers */,
				3D19F7A32BEFD5D400D754C8 /* AppDelegate.swift */,
				3D19F7A52BEFD5D400D754C8 /* SceneDelegate.swift */,
				3D19F7A72BEFD5D400D754C8 /* ViewController.swift */,
				3D19F7A92BEFD5D400D754C8 /* Main.storyboard */,
				3D19F7AC2BEFD5D600D754C8 /* Assets.xcassets */,
				3D19F7AE2BEFD5D600D754C8 /* LaunchScreen.storyboard */,
				3D19F7B12BEFD5D600D754C8 /* Info.plist */,
			);
			path = VPTechWeatherApp;
			sourceTree = "<group>";
		};
		3D19F7B92BEFD5D700D754C8 /* VPTechWeatherAppTests */ = {
			isa = PBXGroup;
			children = (
				3D19F7BA2BEFD5D700D754C8 /* VPTechWeatherAppTests.swift */,
			);
			path = VPTechWeatherAppTests;
			sourceTree = "<group>";
		};
		3D19F7C32BEFD5D700D754C8 /* VPTechWeatherAppUITests */ = {
			isa = PBXGroup;
			children = (
				3D19F7C42BEFD5D700D754C8 /* VPTechWeatherAppUITests.swift */,
				3D19F7C62BEFD5D700D754C8 /* VPTechWeatherAppUITestsLaunchTests.swift */,
			);
			path = VPTechWeatherAppUITests;
			sourceTree = "<group>";
		};
		3D19F7E82BF00A5800D754C8 /* Networking */ = {
			isa = PBXGroup;
			children = (
				3D19F7EB2BF00A6700D754C8 /* NetworkError.swift */,
				3D19F7E92BF00A6700D754C8 /* NetworkRequest.swift */,
				3D19F7EA2BF00A6700D754C8 /* NetworkService.swift */,
			);
			path = Networking;
			sourceTree = "<group>";
		};
		3D19F7EF2BF00A8D00D754C8 /* Models */ = {
			isa = PBXGroup;
			children = (
				3D19F7F22BF00ABB00D754C8 /* City.swift */,
				3D19F7F02BF00ABB00D754C8 /* Clouds.swift */,
				3D19F7F72BF00ABB00D754C8 /* Coordinate.swift */,
				3D19F7F52BF00ABB00D754C8 /* DailyForecast.swift */,
				3D19F7F82BF00ABB00D754C8 /* Forecast.swift */,
				3D19F7F62BF00ABB00D754C8 /* Main.swift */,
				3D19F7F32BF00ABB00D754C8 /* Sys.swift */,
				3D19F7F42BF00ABB00D754C8 /* Weather.swift */,
				3D19F7F12BF00ABB00D754C8 /* Wind.swift */,
			);
			path = Models;
			sourceTree = "<group>";
		};
		3D19F8022BF00AD500D754C8 /* Helpers */ = {
			isa = PBXGroup;
			children = (
				3D19F8052BF00AED00D754C8 /* AlertViewModel.swift */,
				3D19F8032BF00AED00D754C8 /* Coordinator.swift */,
				3D19F8062BF00AED00D754C8 /* Formatter.swift */,
				3D19F8072BF00AED00D754C8 /* NibInstantiatable.swift */,
				3D19F8042BF00AED00D754C8 /* Reusable.swift */,
			);
			path = Helpers;
			sourceTree = "<group>";
		};
/* End PBXGroup section */

/* Begin PBXNativeTarget section */
		3D19F79F2BEFD5D400D754C8 /* VPTechWeatherApp */ = {
			isa = PBXNativeTarget;
			buildConfigurationList = 3D19F7CA2BEFD5D700D754C8 /* Build configuration list for PBXNativeTarget "VPTechWeatherApp" */;
			buildPhases = (
				3D19F79C2BEFD5D400D754C8 /* Sources */,
				3D19F79D2BEFD5D400D754C8 /* Frameworks */,
				3D19F79E2BEFD5D400D754C8 /* Resources */,
			);
			buildRules = (
			);
			dependencies = (
			);
			name = VPTechWeatherApp;
			packageProductDependencies = (
				3D19F7D42BF00A3400D754C8 /* RxBlocking */,
				3D19F7D62BF00A3400D754C8 /* RxBlocking-Dynamic */,
				3D19F7D82BF00A3400D754C8 /* RxCocoa */,
				3D19F7DA2BF00A3400D754C8 /* RxCocoa-Dynamic */,
				3D19F7DC2BF00A3400D754C8 /* RxRelay */,
				3D19F7DE2BF00A3400D754C8 /* RxRelay-Dynamic */,
				3D19F7E02BF00A3400D754C8 /* RxSwift */,
				3D19F7E22BF00A3400D754C8 /* RxSwift-Dynamic */,
			);
			productName = VPTechWeatherApp;
			productReference = 3D19F7A02BEFD5D400D754C8 /* VPTechWeatherApp.app */;
			productType = "com.apple.product-type.application";
		};
		3D19F7B52BEFD5D600D754C8 /* VPTechWeatherAppTests */ = {
			isa = PBXNativeTarget;
			buildConfigurationList = 3D19F7CD2BEFD5D700D754C8 /* Build configuration list for PBXNativeTarget "VPTechWeatherAppTests" */;
			buildPhases = (
				3D19F7B22BEFD5D600D754C8 /* Sources */,
				3D19F7B32BEFD5D600D754C8 /* Frameworks */,
				3D19F7B42BEFD5D600D754C8 /* Resources */,
			);
			buildRules = (
			);
			dependencies = (
				3D19F7B82BEFD5D700D754C8 /* PBXTargetDependency */,
			);
			name = VPTechWeatherAppTests;
			packageProductDependencies = (
				3D19F7E42BF00A3400D754C8 /* RxTest */,
				3D19F7E62BF00A3400D754C8 /* RxTest-Dynamic */,
			);
			productName = VPTechWeatherAppTests;
			productReference = 3D19F7B62BEFD5D600D754C8 /* VPTechWeatherAppTests.xctest */;
			productType = "com.apple.product-type.bundle.unit-test";
		};
		3D19F7BF2BEFD5D700D754C8 /* VPTechWeatherAppUITests */ = {
			isa = PBXNativeTarget;
			buildConfigurationList = 3D19F7D02BEFD5D700D754C8 /* Build configuration list for PBXNativeTarget "VPTechWeatherAppUITests" */;
			buildPhases = (
				3D19F7BC2BEFD5D700D754C8 /* Sources */,
				3D19F7BD2BEFD5D700D754C8 /* Frameworks */,
				3D19F7BE2BEFD5D700D754C8 /* Resources */,
			);
			buildRules = (
			);
			dependencies = (
				3D19F7C22BEFD5D700D754C8 /* PBXTargetDependency */,
			);
			name = VPTechWeatherAppUITests;
			productName = VPTechWeatherAppUITests;
			productReference = 3D19F7C02BEFD5D700D754C8 /* VPTechWeatherAppUITests.xctest */;
			productType = "com.apple.product-type.bundle.ui-testing";
		};
/* End PBXNativeTarget section */

/* Begin PBXProject section */
		3D19F7982BEFD5D400D754C8 /* Project object */ = {
			isa = PBXProject;
			attributes = {
				BuildIndependentTargetsInParallel = 1;
				LastSwiftUpdateCheck = 1530;
				LastUpgradeCheck = 1530;
				TargetAttributes = {
					3D19F79F2BEFD5D400D754C8 = {
						CreatedOnToolsVersion = 15.3;
					};
					3D19F7B52BEFD5D600D754C8 = {
						CreatedOnToolsVersion = 15.3;
						TestTargetID = 3D19F79F2BEFD5D400D754C8;
					};
					3D19F7BF2BEFD5D700D754C8 = {
						CreatedOnToolsVersion = 15.3;
						TestTargetID = 3D19F79F2BEFD5D400D754C8;
					};
				};
			};
			buildConfigurationList = 3D19F79B2BEFD5D400D754C8 /* Build configuration list for PBXProject "VPTechWeatherApp" */;
			compatibilityVersion = "Xcode 14.0";
			developmentRegion = en;
			hasScannedForEncodings = 0;
			knownRegions = (
				en,
				Base,
			);
			mainGroup = 3D19F7972BEFD5D400D754C8;
			packageReferences = (
				3D19F7D32BF00A3400D754C8 /* XCRemoteSwiftPackageReference "RxSwift" */,
			);
			productRefGroup = 3D19F7A12BEFD5D400D754C8 /* Products */;
			projectDirPath = "";
			projectRoot = "";
			targets = (
				3D19F79F2BEFD5D400D754C8 /* VPTechWeatherApp */,
				3D19F7B52BEFD5D600D754C8 /* VPTechWeatherAppTests */,
				3D19F7BF2BEFD5D700D754C8 /* VPTechWeatherAppUITests */,
			);
		};
/* End PBXProject section */

/* Begin PBXResourcesBuildPhase section */
		3D19F79E2BEFD5D400D754C8 /* Resources */ = {
			isa = PBXResourcesBuildPhase;
			buildActionMask = 2147483647;
			files = (
				3D19F7AD2BEFD5D600D754C8 /* Assets.xcassets in Resources */,
				3D19F7B02BEFD5D600D754C8 /* Base in Resources */,
				3D19F7AB2BEFD5D400D754C8 /* Base in Resources */,
			);
			runOnlyForDeploymentPostprocessing = 0;
		};
		3D19F7B42BEFD5D600D754C8 /* Resources */ = {
			isa = PBXResourcesBuildPhase;
			buildActionMask = 2147483647;
			files = (
			);
			runOnlyForDeploymentPostprocessing = 0;
		};
		3D19F7BE2BEFD5D700D754C8 /* Resources */ = {
			isa = PBXResourcesBuildPhase;
			buildActionMask = 2147483647;
			files = (
			);
			runOnlyForDeploymentPostprocessing = 0;
		};
/* End PBXResourcesBuildPhase section */

/* Begin PBXSourcesBuildPhase section */
		3D19F79C2BEFD5D400D754C8 /* Sources */ = {
			isa = PBXSourcesBuildPhase;
			buildActionMask = 2147483647;
			files = (
				3D19F8092BF00AED00D754C8 /* Reusable.swift in Sources */,
				3D19F80B2BF00AED00D754C8 /* Formatter.swift in Sources */,
				3D19F80C2BF00AED00D754C8 /* NibInstantiatable.swift in Sources */,
				3D19F8082BF00AED00D754C8 /* Coordinator.swift in Sources */,
				3D19F7ED2BF00A6700D754C8 /* NetworkService.swift in Sources */,
				3D19F80A2BF00AED00D754C8 /* AlertViewModel.swift in Sources */,
				3D19F7A82BEFD5D400D754C8 /* ViewController.swift in Sources */,
				3D19F7FB2BF00ABB00D754C8 /* City.swift in Sources */,
				3D19F7FD2BF00ABB00D754C8 /* Weather.swift in Sources */,
				3D19F8012BF00ABB00D754C8 /* Forecast.swift in Sources */,
				3D19F7FF2BF00ABB00D754C8 /* Main.swift in Sources */,
				3D19F7A42BEFD5D400D754C8 /* AppDelegate.swift in Sources */,
				3D19F7EE2BF00A6700D754C8 /* NetworkError.swift in Sources */,
				3D19F8002BF00ABB00D754C8 /* Coordinate.swift in Sources */,
				3D19F7FC2BF00ABB00D754C8 /* Sys.swift in Sources */,
				3D19F7F92BF00ABB00D754C8 /* Clouds.swift in Sources */,
				3D19F7FE2BF00ABB00D754C8 /* DailyForecast.swift in Sources */,
				3D19F7EC2BF00A6700D754C8 /* NetworkRequest.swift in Sources */,
				3D19F7A62BEFD5D400D754C8 /* SceneDelegate.swift in Sources */,
				3D19F7FA2BF00ABB00D754C8 /* Wind.swift in Sources */,
			);
			runOnlyForDeploymentPostprocessing = 0;
		};
		3D19F7B22BEFD5D600D754C8 /* Sources */ = {
			isa = PBXSourcesBuildPhase;
			buildActionMask = 2147483647;
			files = (
				3D19F7BB2BEFD5D700D754C8 /* VPTechWeatherAppTests.swift in Sources */,
			);
			runOnlyForDeploymentPostprocessing = 0;
		};
		3D19F7BC2BEFD5D700D754C8 /* Sources */ = {
			isa = PBXSourcesBuildPhase;
			buildActionMask = 2147483647;
			files = (
				3D19F7C52BEFD5D700D754C8 /* VPTechWeatherAppUITests.swift in Sources */,
				3D19F7C72BEFD5D700D754C8 /* VPTechWeatherAppUITestsLaunchTests.swift in Sources */,
			);
			runOnlyForDeploymentPostprocessing = 0;
		};
/* End PBXSourcesBuildPhase section */

/* Begin PBXTargetDependency section */
		3D19F7B82BEFD5D700D754C8 /* PBXTargetDependency */ = {
			isa = PBXTargetDependency;
			target = 3D19F79F2BEFD5D400D754C8 /* VPTechWeatherApp */;
			targetProxy = 3D19F7B72BEFD5D700D754C8 /* PBXContainerItemProxy */;
		};
		3D19F7C22BEFD5D700D754C8 /* PBXTargetDependency */ = {
			isa = PBXTargetDependency;
			target = 3D19F79F2BEFD5D400D754C8 /* VPTechWeatherApp */;
			targetProxy = 3D19F7C12BEFD5D700D754C8 /* PBXContainerItemProxy */;
		};
/* End PBXTargetDependency section */

/* Begin PBXVariantGroup section */
		3D19F7A92BEFD5D400D754C8 /* Main.storyboard */ = {
			isa = PBXVariantGroup;
			children = (
				3D19F7AA2BEFD5D400D754C8 /* Base */,
			);
			name = Main.storyboard;
			sourceTree = "<group>";
		};
		3D19F7AE2BEFD5D600D754C8 /* LaunchScreen.storyboard */ = {
			isa = PBXVariantGroup;
			children = (
				3D19F7AF2BEFD5D600D754C8 /* Base */,
			);
			name = LaunchScreen.storyboard;
			sourceTree = "<group>";
		};
/* End PBXVariantGroup section */

/* Begin XCBuildConfiguration section */
		3D19F7C82BEFD5D700D754C8 /* Debug */ = {
			isa = XCBuildConfiguration;
			buildSettings = {
				ALWAYS_SEARCH_USER_PATHS = NO;
				ASSETCATALOG_COMPILER_GENERATE_SWIFT_ASSET_SYMBOL_EXTENSIONS = YES;
				CLANG_ANALYZER_NONNULL = YES;
				CLANG_ANALYZER_NUMBER_OBJECT_CONVERSION = YES_AGGRESSIVE;
				CLANG_CXX_LANGUAGE_STANDARD = "gnu++20";
				CLANG_ENABLE_MODULES = YES;
				CLANG_ENABLE_OBJC_ARC = YES;
				CLANG_ENABLE_OBJC_WEAK = YES;
				CLANG_WARN_BLOCK_CAPTURE_AUTORELEASING = YES;
				CLANG_WARN_BOOL_CONVERSION = YES;
				CLANG_WARN_COMMA = YES;
				CLANG_WARN_CONSTANT_CONVERSION = YES;
				CLANG_WARN_DEPRECATED_OBJC_IMPLEMENTATIONS = YES;
				CLANG_WARN_DIRECT_OBJC_ISA_USAGE = YES_ERROR;
				CLANG_WARN_DOCUMENTATION_COMMENTS = YES;
				CLANG_WARN_EMPTY_BODY = YES;
				CLANG_WARN_ENUM_CONVERSION = YES;
				CLANG_WARN_INFINITE_RECURSION = YES;
				CLANG_WARN_INT_CONVERSION = YES;
				CLANG_WARN_NON_LITERAL_NULL_CONVERSION = YES;
				CLANG_WARN_OBJC_IMPLICIT_RETAIN_SELF = YES;
				CLANG_WARN_OBJC_LITERAL_CONVERSION = YES;
				CLANG_WARN_OBJC_ROOT_CLASS = YES_ERROR;
				CLANG_WARN_QUOTED_INCLUDE_IN_FRAMEWORK_HEADER = YES;
				CLANG_WARN_RANGE_LOOP_ANALYSIS = YES;
				CLANG_WARN_STRICT_PROTOTYPES = YES;
				CLANG_WARN_SUSPICIOUS_MOVE = YES;
				CLANG_WARN_UNGUARDED_AVAILABILITY = YES_AGGRESSIVE;
				CLANG_WARN_UNREACHABLE_CODE = YES;
				CLANG_WARN__DUPLICATE_METHOD_MATCH = YES;
				COPY_PHASE_STRIP = NO;
				DEBUG_INFORMATION_FORMAT = dwarf;
				ENABLE_STRICT_OBJC_MSGSEND = YES;
				ENABLE_TESTABILITY = YES;
				ENABLE_USER_SCRIPT_SANDBOXING = YES;
				GCC_C_LANGUAGE_STANDARD = gnu17;
				GCC_DYNAMIC_NO_PIC = NO;
				GCC_NO_COMMON_BLOCKS = YES;
				GCC_OPTIMIZATION_LEVEL = 0;
				GCC_PREPROCESSOR_DEFINITIONS = (
					"DEBUG=1",
					"$(inherited)",
				);
				GCC_WARN_64_TO_32_BIT_CONVERSION = YES;
				GCC_WARN_ABOUT_RETURN_TYPE = YES_ERROR;
				GCC_WARN_UNDECLARED_SELECTOR = YES;
				GCC_WARN_UNINITIALIZED_AUTOS = YES_AGGRESSIVE;
				GCC_WARN_UNUSED_FUNCTION = YES;
				GCC_WARN_UNUSED_VARIABLE = YES;
				IPHONEOS_DEPLOYMENT_TARGET = 17.4;
				LOCALIZATION_PREFERS_STRING_CATALOGS = YES;
				MTL_ENABLE_DEBUG_INFO = INCLUDE_SOURCE;
				MTL_FAST_MATH = YES;
				ONLY_ACTIVE_ARCH = YES;
				SDKROOT = iphoneos;
				SWIFT_ACTIVE_COMPILATION_CONDITIONS = "DEBUG $(inherited)";
				SWIFT_OPTIMIZATION_LEVEL = "-Onone";
			};
			name = Debug;
		};
		3D19F7C92BEFD5D700D754C8 /* Release */ = {
			isa = XCBuildConfiguration;
			buildSettings = {
				ALWAYS_SEARCH_USER_PATHS = NO;
				ASSETCATALOG_COMPILER_GENERATE_SWIFT_ASSET_SYMBOL_EXTENSIONS = YES;
				CLANG_ANALYZER_NONNULL = YES;
				CLANG_ANALYZER_NUMBER_OBJECT_CONVERSION = YES_AGGRESSIVE;
				CLANG_CXX_LANGUAGE_STANDARD = "gnu++20";
				CLANG_ENABLE_MODULES = YES;
				CLANG_ENABLE_OBJC_ARC = YES;
				CLANG_ENABLE_OBJC_WEAK = YES;
				CLANG_WARN_BLOCK_CAPTURE_AUTORELEASING = YES;
				CLANG_WARN_BOOL_CONVERSION = YES;
				CLANG_WARN_COMMA = YES;
				CLANG_WARN_CONSTANT_CONVERSION = YES;
				CLANG_WARN_DEPRECATED_OBJC_IMPLEMENTATIONS = YES;
				CLANG_WARN_DIRECT_OBJC_ISA_USAGE = YES_ERROR;
				CLANG_WARN_DOCUMENTATION_COMMENTS = YES;
				CLANG_WARN_EMPTY_BODY = YES;
				CLANG_WARN_ENUM_CONVERSION = YES;
				CLANG_WARN_INFINITE_RECURSION = YES;
				CLANG_WARN_INT_CONVERSION = YES;
				CLANG_WARN_NON_LITERAL_NULL_CONVERSION = YES;
				CLANG_WARN_OBJC_IMPLICIT_RETAIN_SELF = YES;
				CLANG_WARN_OBJC_LITERAL_CONVERSION = YES;
				CLANG_WARN_OBJC_ROOT_CLASS = YES_ERROR;
				CLANG_WARN_QUOTED_INCLUDE_IN_FRAMEWORK_HEADER = YES;
				CLANG_WARN_RANGE_LOOP_ANALYSIS = YES;
				CLANG_WARN_STRICT_PROTOTYPES = YES;
				CLANG_WARN_SUSPICIOUS_MOVE = YES;
				CLANG_WARN_UNGUARDED_AVAILABILITY = YES_AGGRESSIVE;
				CLANG_WARN_UNREACHABLE_CODE = YES;
				CLANG_WARN__DUPLICATE_METHOD_MATCH = YES;
				COPY_PHASE_STRIP = NO;
				DEBUG_INFORMATION_FORMAT = "dwarf-with-dsym";
				ENABLE_NS_ASSERTIONS = NO;
				ENABLE_STRICT_OBJC_MSGSEND = YES;
				ENABLE_USER_SCRIPT_SANDBOXING = YES;
				GCC_C_LANGUAGE_STANDARD = gnu17;
				GCC_NO_COMMON_BLOCKS = YES;
				GCC_WARN_64_TO_32_BIT_CONVERSION = YES;
				GCC_WARN_ABOUT_RETURN_TYPE = YES_ERROR;
				GCC_WARN_UNDECLARED_SELECTOR = YES;
				GCC_WARN_UNINITIALIZED_AUTOS = YES_AGGRESSIVE;
				GCC_WARN_UNUSED_FUNCTION = YES;
				GCC_WARN_UNUSED_VARIABLE = YES;
				IPHONEOS_DEPLOYMENT_TARGET = 17.4;
				LOCALIZATION_PREFERS_STRING_CATALOGS = YES;
				MTL_ENABLE_DEBUG_INFO = NO;
				MTL_FAST_MATH = YES;
				SDKROOT = iphoneos;
				SWIFT_COMPILATION_MODE = wholemodule;
				VALIDATE_PRODUCT = YES;
			};
			name = Release;
		};
		3D19F7CB2BEFD5D700D754C8 /* Debug */ = {
			isa = XCBuildConfiguration;
			buildSettings = {
				ASSETCATALOG_COMPILER_APPICON_NAME = AppIcon;
				ASSETCATALOG_COMPILER_GLOBAL_ACCENT_COLOR_NAME = AccentColor;
				CODE_SIGN_STYLE = Automatic;
				CURRENT_PROJECT_VERSION = 1;
				GENERATE_INFOPLIST_FILE = YES;
				INFOPLIST_FILE = VPTechWeatherApp/Info.plist;
				INFOPLIST_KEY_UIApplicationSupportsIndirectInputEvents = YES;
				INFOPLIST_KEY_UILaunchStoryboardName = LaunchScreen;
				INFOPLIST_KEY_UIMainStoryboardFile = Main;
				INFOPLIST_KEY_UISupportedInterfaceOrientations_iPad = "UIInterfaceOrientationPortrait UIInterfaceOrientationPortraitUpsideDown UIInterfaceOrientationLandscapeLeft UIInterfaceOrientationLandscapeRight";
				INFOPLIST_KEY_UISupportedInterfaceOrientations_iPhone = "UIInterfaceOrientationPortrait UIInterfaceOrientationLandscapeLeft UIInterfaceOrientationLandscapeRight";
				LD_RUNPATH_SEARCH_PATHS = (
					"$(inherited)",
					"@executable_path/Frameworks",
				);
				MARKETING_VERSION = 1.0;
				PRODUCT_BUNDLE_IDENTIFIER = com.example.VPTechWeatherApp;
				PRODUCT_NAME = "$(TARGET_NAME)";
				SWIFT_EMIT_LOC_STRINGS = YES;
				SWIFT_VERSION = 5.0;
				TARGETED_DEVICE_FAMILY = "1,2";
			};
			name = Debug;
		};
		3D19F7CC2BEFD5D700D754C8 /* Release */ = {
			isa = XCBuildConfiguration;
			buildSettings = {
				ASSETCATALOG_COMPILER_APPICON_NAME = AppIcon;
				ASSETCATALOG_COMPILER_GLOBAL_ACCENT_COLOR_NAME = AccentColor;
				CODE_SIGN_STYLE = Automatic;
				CURRENT_PROJECT_VERSION = 1;
				GENERATE_INFOPLIST_FILE = YES;
				INFOPLIST_FILE = VPTechWeatherApp/Info.plist;
				INFOPLIST_KEY_UIApplicationSupportsIndirectInputEvents = YES;
				INFOPLIST_KEY_UILaunchStoryboardName = LaunchScreen;
				INFOPLIST_KEY_UIMainStoryboardFile = Main;
				INFOPLIST_KEY_UISupportedInterfaceOrientations_iPad = "UIInterfaceOrientationPortrait UIInterfaceOrientationPortraitUpsideDown UIInterfaceOrientationLandscapeLeft UIInterfaceOrientationLandscapeRight";
				INFOPLIST_KEY_UISupportedInterfaceOrientations_iPhone = "UIInterfaceOrientationPortrait UIInterfaceOrientationLandscapeLeft UIInterfaceOrientationLandscapeRight";
				LD_RUNPATH_SEARCH_PATHS = (
					"$(inherited)",
					"@executable_path/Frameworks",
				);
				MARKETING_VERSION = 1.0;
				PRODUCT_BUNDLE_IDENTIFIER = com.example.VPTechWeatherApp;
				PRODUCT_NAME = "$(TARGET_NAME)";
				SWIFT_EMIT_LOC_STRINGS = YES;
				SWIFT_VERSION = 5.0;
				TARGETED_DEVICE_FAMILY = "1,2";
			};
			name = Release;
		};
		3D19F7CE2BEFD5D700D754C8 /* Debug */ = {
			isa = XCBuildConfiguration;
			buildSettings = {
				ALWAYS_EMBED_SWIFT_STANDARD_LIBRARIES = YES;
				BUNDLE_LOADER = "$(TEST_HOST)";
				CODE_SIGN_STYLE = Automatic;
				CURRENT_PROJECT_VERSION = 1;
				GENERATE_INFOPLIST_FILE = YES;
				IPHONEOS_DEPLOYMENT_TARGET = 17.4;
				MARKETING_VERSION = 1.0;
				PRODUCT_BUNDLE_IDENTIFIER = com.example.VPTechWeatherAppTests;
				PRODUCT_NAME = "$(TARGET_NAME)";
				SWIFT_EMIT_LOC_STRINGS = NO;
				SWIFT_VERSION = 5.0;
				TARGETED_DEVICE_FAMILY = "1,2";
				TEST_HOST = "$(BUILT_PRODUCTS_DIR)/VPTechWeatherApp.app/$(BUNDLE_EXECUTABLE_FOLDER_PATH)/VPTechWeatherApp";
			};
			name = Debug;
		};
		3D19F7CF2BEFD5D700D754C8 /* Release */ = {
			isa = XCBuildConfiguration;
			buildSettings = {
				ALWAYS_EMBED_SWIFT_STANDARD_LIBRARIES = YES;
				BUNDLE_LOADER = "$(TEST_HOST)";
				CODE_SIGN_STYLE = Automatic;
				CURRENT_PROJECT_VERSION = 1;
				GENERATE_INFOPLIST_FILE = YES;
				IPHONEOS_DEPLOYMENT_TARGET = 17.4;
				MARKETING_VERSION = 1.0;
				PRODUCT_BUNDLE_IDENTIFIER = com.example.VPTechWeatherAppTests;
				PRODUCT_NAME = "$(TARGET_NAME)";
				SWIFT_EMIT_LOC_STRINGS = NO;
				SWIFT_VERSION = 5.0;
				TARGETED_DEVICE_FAMILY = "1,2";
				TEST_HOST = "$(BUILT_PRODUCTS_DIR)/VPTechWeatherApp.app/$(BUNDLE_EXECUTABLE_FOLDER_PATH)/VPTechWeatherApp";
			};
			name = Release;
		};
		3D19F7D12BEFD5D700D754C8 /* Debug */ = {
			isa = XCBuildConfiguration;
			buildSettings = {
				ALWAYS_EMBED_SWIFT_STANDARD_LIBRARIES = YES;
				CODE_SIGN_STYLE = Automatic;
				CURRENT_PROJECT_VERSION = 1;
				GENERATE_INFOPLIST_FILE = YES;
				MARKETING_VERSION = 1.0;
				PRODUCT_BUNDLE_IDENTIFIER = com.example.VPTechWeatherAppUITests;
				PRODUCT_NAME = "$(TARGET_NAME)";
				SWIFT_EMIT_LOC_STRINGS = NO;
				SWIFT_VERSION = 5.0;
				TARGETED_DEVICE_FAMILY = "1,2";
				TEST_TARGET_NAME = VPTechWeatherApp;
			};
			name = Debug;
		};
		3D19F7D22BEFD5D700D754C8 /* Release */ = {
			isa = XCBuildConfiguration;
			buildSettings = {
				ALWAYS_EMBED_SWIFT_STANDARD_LIBRARIES = YES;
				CODE_SIGN_STYLE = Automatic;
				CURRENT_PROJECT_VERSION = 1;
				GENERATE_INFOPLIST_FILE = YES;
				MARKETING_VERSION = 1.0;
				PRODUCT_BUNDLE_IDENTIFIER = com.example.VPTechWeatherAppUITests;
				PRODUCT_NAME = "$(TARGET_NAME)";
				SWIFT_EMIT_LOC_STRINGS = NO;
				SWIFT_VERSION = 5.0;
				TARGETED_DEVICE_FAMILY = "1,2";
				TEST_TARGET_NAME = VPTechWeatherApp;
			};
			name = Release;
		};
/* End XCBuildConfiguration section */

/* Begin XCConfigurationList section */
		3D19F79B2BEFD5D400D754C8 /* Build configuration list for PBXProject "VPTechWeatherApp" */ = {
			isa = XCConfigurationList;
			buildConfigurations = (
				3D19F7C82BEFD5D700D754C8 /* Debug */,
				3D19F7C92BEFD5D700D754C8 /* Release */,
			);
			defaultConfigurationIsVisible = 0;
			defaultConfigurationName = Release;
		};
		3D19F7CA2BEFD5D700D754C8 /* Build configuration list for PBXNativeTarget "VPTechWeatherApp" */ = {
			isa = XCConfigurationList;
			buildConfigurations = (
				3D19F7CB2BEFD5D700D754C8 /* Debug */,
				3D19F7CC2BEFD5D700D754C8 /* Release */,
			);
			defaultConfigurationIsVisible = 0;
			defaultConfigurationName = Release;
		};
		3D19F7CD2BEFD5D700D754C8 /* Build configuration list for PBXNativeTarget "VPTechWeatherAppTests" */ = {
			isa = XCConfigurationList;
			buildConfigurations = (
				3D19F7CE2BEFD5D700D754C8 /* Debug */,
				3D19F7CF2BEFD5D700D754C8 /* Release */,
			);
			defaultConfigurationIsVisible = 0;
			defaultConfigurationName = Release;
		};
		3D19F7D02BEFD5D700D754C8 /* Build configuration list for PBXNativeTarget "VPTechWeatherAppUITests" */ = {
			isa = XCConfigurationList;
			buildConfigurations = (
				3D19F7D12BEFD5D700D754C8 /* Debug */,
				3D19F7D22BEFD5D700D754C8 /* Release */,
			);
			defaultConfigurationIsVisible = 0;
			defaultConfigurationName = Release;
		};
/* End XCConfigurationList section */

/* Begin XCRemoteSwiftPackageReference section */
		3D19F7D32BF00A3400D754C8 /* XCRemoteSwiftPackageReference "RxSwift" */ = {
			isa = XCRemoteSwiftPackageReference;
			repositoryURL = "https://github.com/ReactiveX/RxSwift";
			requirement = {
				kind = upToNextMajorVersion;
				minimumVersion = 6.7.1;
			};
		};
/* End XCRemoteSwiftPackageReference section */

/* Begin XCSwiftPackageProductDependency section */
		3D19F7D42BF00A3400D754C8 /* RxBlocking */ = {
			isa = XCSwiftPackageProductDependency;
			package = 3D19F7D32BF00A3400D754C8 /* XCRemoteSwiftPackageReference "RxSwift" */;
			productName = RxBlocking;
		};
		3D19F7D62BF00A3400D754C8 /* RxBlocking-Dynamic */ = {
			isa = XCSwiftPackageProductDependency;
			package = 3D19F7D32BF00A3400D754C8 /* XCRemoteSwiftPackageReference "RxSwift" */;
			productName = "RxBlocking-Dynamic";
		};
		3D19F7D82BF00A3400D754C8 /* RxCocoa */ = {
			isa = XCSwiftPackageProductDependency;
			package = 3D19F7D32BF00A3400D754C8 /* XCRemoteSwiftPackageReference "RxSwift" */;
			productName = RxCocoa;
		};
		3D19F7DA2BF00A3400D754C8 /* RxCocoa-Dynamic */ = {
			isa = XCSwiftPackageProductDependency;
			package = 3D19F7D32BF00A3400D754C8 /* XCRemoteSwiftPackageReference "RxSwift" */;
			productName = "RxCocoa-Dynamic";
		};
		3D19F7DC2BF00A3400D754C8 /* RxRelay */ = {
			isa = XCSwiftPackageProductDependency;
			package = 3D19F7D32BF00A3400D754C8 /* XCRemoteSwiftPackageReference "RxSwift" */;
			productName = RxRelay;
		};
		3D19F7DE2BF00A3400D754C8 /* RxRelay-Dynamic */ = {
			isa = XCSwiftPackageProductDependency;
			package = 3D19F7D32BF00A3400D754C8 /* XCRemoteSwiftPackageReference "RxSwift" */;
			productName = "RxRelay-Dynamic";
		};
		3D19F7E02BF00A3400D754C8 /* RxSwift */ = {
			isa = XCSwiftPackageProductDependency;
			package = 3D19F7D32BF00A3400D754C8 /* XCRemoteSwiftPackageReference "RxSwift" */;
			productName = RxSwift;
		};
		3D19F7E22BF00A3400D754C8 /* RxSwift-Dynamic */ = {
			isa = XCSwiftPackageProductDependency;
			package = 3D19F7D32BF00A3400D754C8 /* XCRemoteSwiftPackageReference "RxSwift" */;
			productName = "RxSwift-Dynamic";
		};
		3D19F7E42BF00A3400D754C8 /* RxTest */ = {
			isa = XCSwiftPackageProductDependency;
			package = 3D19F7D32BF00A3400D754C8 /* XCRemoteSwiftPackageReference "RxSwift" */;
			productName = RxTest;
		};
		3D19F7E62BF00A3400D754C8 /* RxTest-Dynamic */ = {
			isa = XCSwiftPackageProductDependency;
			package = 3D19F7D32BF00A3400D754C8 /* XCRemoteSwiftPackageReference "RxSwift" */;
			productName = "RxTest-Dynamic";
		};
/* End XCSwiftPackageProductDependency section */
	};
	rootObject = 3D19F7982BEFD5D400D754C8 /* Project object */;
}
